# THIS IS AN AUTOGENERATED FILE. DO NOT EDIT THIS FILE DIRECTLY.
# yarn lockfile v1


"@dadmor/pure-baldr-core@^0.0.5":
  version "0.0.5"
  resolved "https://registry.yarnpkg.com/@dadmor/pure-baldr-core/-/pure-baldr-core-0.0.5.tgz#f9c8020a7c9f87ea364ae42570360cf51db177e2"
  integrity sha512-tMF2cW6DD3fgaU+MZtu2NYmEJTVbxVcvy9UwBsD3z3Waxvk1Hv0UjiDxtW9TtHp3v+2cj+FgfbkwVcNAiMew7Q==
